hash: f68ebf48f0a3f9565d9c8fc7d79f1967e49b9818726943788b1886ee08e14ccd
updated: 2018-12-14T04:46:41.2120979Z
imports:
- name: github.com/google/btree
  version: 4030bb1f1f0c35b30ca7009e9ebd06849dd45306
- name: github.com/gorilla/mux
  version: d2b5d13b9260193b5a5649e9f47fda645bd2bd1d
- name: github.com/peterbourgon/diskv
  version: 0646ccaebea1ed1539efcab30cae44019090093f
testImports: []
